
Microsoft Visual Studio Solution File, Format Version 12.00
# Visual Studio Version 16
VisualStudioVersion = 16.0.31321.278
MinimumVisualStudioVersion = 10.0.40219.1
Project("{FAE04EC0-301F-11D3-BF4B-00C04F79EFBC}") = "301171014deguzman_301128209alvarado_Lab3", "301171014deguzman_301128209alvarado_Lab3\301171014deguzman_301128209alvarado_Lab3.csproj", "{61E9DB62-4DF6-41CE-9B30-1A3B81411F78}"
EndProject
Global
	GlobalSection(SolutionConfigurationPlatforms) = preSolution
		Debug|Any CPU = Debug|Any CPU
		Release|Any CPU = Release|Any CPU
	EndGlobalSection
	GlobalSection(ProjectConfigurationPlatforms) = postSolution
		{61E9DB62-4DF6-41CE-9B30-1A3B81411F78}.Debug|Any CPU.ActiveCfg = Debug|Any CPU
		{61E9DB62-4DF6-41CE-9B30-1A3B81411F78}.Debug|Any CPU.Build.0 = Debug|Any CPU
		{61E9DB62-4DF6-41CE-9B30-1A3B81411F78}.Release|Any CPU.ActiveCfg = Release|Any CPU
		{61E9DB62-4DF6-41CE-9B30-1A3B81411F78}.Release|Any CPU.Build.0 = Release|Any CPU
	EndGlobalSection
	GlobalSection(SolutionProperties) = preSolution
		HideSolutionNode = FALSE
	EndGlobalSection
	GlobalSection(ExtensibilityGlobals) = postSolution
		SolutionGuid = {CC5153A7-0EE6-4F03-8F1F-25B017CEE18D}
	EndGlobalSection
EndGlobal
